
Microsoft Visual Studio Solution File, Format Version 12.00
# Visual Studio Version 17
VisualStudioVersion = 17.10.35027.167
MinimumVisualStudioVersion = 10.0.40219.1
Project("{FAE04EC0-301F-11D3-BF4B-00C04F79EFBC}") = "FaturamentoDiario", "FaturamentoDiario\FaturamentoDiario.csproj", "{A2AE6355-2391-4928-A7BF-83682264226C}"
EndProject
Global
	GlobalSection(SolutionConfigurationPlatforms) = preSolution
		Debug|Any CPU = Debug|Any CPU
		Release|Any CPU = Release|Any CPU
	EndGlobalSection
	GlobalSection(ProjectConfigurationPlatforms) = postSolution
		{A2AE6355-2391-4928-A7BF-83682264226C}.Debug|Any CPU.ActiveCfg = Debug|Any CPU
		{A2AE6355-2391-4928-A7BF-83682264226C}.Debug|Any CPU.Build.0 = Debug|Any CPU
		{A2AE6355-2391-4928-A7BF-83682264226C}.Release|Any CPU.ActiveCfg = Release|Any CPU
		{A2AE6355-2391-4928-A7BF-83682264226C}.Release|Any CPU.Build.0 = Release|Any CPU
	EndGlobalSection
	GlobalSection(SolutionProperties) = preSolution
		HideSolutionNode = FALSE
	EndGlobalSection
	GlobalSection(ExtensibilityGlobals) = postSolution
		SolutionGuid = {44B898B3-B2FF-401F-B1CF-69C431B866AB}
	EndGlobalSection
EndGlobal
